// !$*UTF8*$!
{
	archiveVersion = 1;
	classes = {
	};
	objectVersion = 55;
	objects = {

/* Begin PBXBuildFile section */
		C448913A2927171800485FCB /* AppDelegate.swift in Sources */ = {isa = PBXBuildFile; fileRef = C44891392927171800485FCB /* AppDelegate.swift */; };
		C448913C2927171800485FCB /* SceneDelegate.swift in Sources */ = {isa = PBXBuildFile; fileRef = C448913B2927171800485FCB /* SceneDelegate.swift */; };
		C448913E2927171800485FCB /* ViewController.swift in Sources */ = {isa = PBXBuildFile; fileRef = C448913D2927171800485FCB /* ViewController.swift */; };
		C44891412927171800485FCB /* Main.storyboard in Resources */ = {isa = PBXBuildFile; fileRef = C448913F2927171800485FCB /* Main.storyboard */; };
		C44891442927171800485FCB /* CSE335StoolBar.xcdatamodeld in Sources */ = {isa = PBXBuildFile; fileRef = C44891422927171800485FCB /* CSE335StoolBar.xcdatamodeld */; };
		C44891462927171A00485FCB /* Assets.xcassets in Resources */ = {isa = PBXBuildFile; fileRef = C44891452927171A00485FCB /* Assets.xcassets */; };
		C44891492927171A00485FCB /* LaunchScreen.storyboard in Resources */ = {isa = PBXBuildFile; fileRef = C44891472927171A00485FCB /* LaunchScreen.storyboard */; };
		C448915229271FB800485FCB /* ProfileController.swift in Sources */ = {isa = PBXBuildFile; fileRef = C448915129271FB800485FCB /* ProfileController.swift */; };
		C4489154292726AF00485FCB /* LiveBetsController.swift in Sources */ = {isa = PBXBuildFile; fileRef = C4489153292726AF00485FCB /* LiveBetsController.swift */; };
		C44891582927303700485FCB /* BasketballController.swift in Sources */ = {isa = PBXBuildFile; fileRef = C44891572927303700485FCB /* BasketballController.swift */; };
		C448915C292735F200485FCB /* BasketballTableViewCell.swift in Sources */ = {isa = PBXBuildFile; fileRef = C448915B292735F200485FCB /* BasketballTableViewCell.swift */; };
		C4660F8C2928172C00CBF209 /* Game.swift in Sources */ = {isa = PBXBuildFile; fileRef = C4660F8B2928172C00CBF209 /* Game.swift */; };
		C4660F8E29281A6C00CBF209 /* FootballController.swift in Sources */ = {isa = PBXBuildFile; fileRef = C4660F8D29281A6C00CBF209 /* FootballController.swift */; };
		C4660F9029281A8500CBF209 /* FootballTableViewCell.swift in Sources */ = {isa = PBXBuildFile; fileRef = C4660F8F29281A8500CBF209 /* FootballTableViewCell.swift */; };
		C4660F9229281ECC00CBF209 /* Bet.swift in Sources */ = {isa = PBXBuildFile; fileRef = C4660F9129281ECC00CBF209 /* Bet.swift */; };
		C4660F94292821E900CBF209 /* LiveBetsTableViewCell.swift in Sources */ = {isa = PBXBuildFile; fileRef = C4660F93292821E900CBF209 /* LiveBetsTableViewCell.swift */; };
/* End PBXBuildFile section */

/* Begin PBXFileReference section */
		C44891362927171800485FCB /* CSE335StoolBar.app */ = {isa = PBXFileReference; explicitFileType = wrapper.application; includeInIndex = 0; path = CSE335StoolBar.app; sourceTree = BUILT_PRODUCTS_DIR; };
		C44891392927171800485FCB /* AppDelegate.swift */ = {isa = PBXFileReference; lastKnownFileType = sourcecode.swift; path = AppDelegate.swift; sourceTree = "<group>"; };
		C448913B2927171800485FCB /* SceneDelegate.swift */ = {isa = PBXFileReference; lastKnownFileType = sourcecode.swift; path = SceneDelegate.swift; sourceTree = "<group>"; };
		C448913D2927171800485FCB /* ViewController.swift */ = {isa = PBXFileReference; lastKnownFileType = sourcecode.swift; path = ViewController.swift; sourceTree = "<group>"; };
		C44891402927171800485FCB /* Base */ = {isa = PBXFileReference; lastKnownFileType = file.storyboard; name = Base; path = Base.lproj/Main.storyboard; sourceTree = "<group>"; };
		C44891432927171800485FCB /* CSE335StoolBar.xcdatamodel */ = {isa = PBXFileReference; lastKnownFileType = wrapper.xcdatamodel; path = CSE335StoolBar.xcdatamodel; sourceTree = "<group>"; };
		C44891452927171A00485FCB /* Assets.xcassets */ = {isa = PBXFileReference; lastKnownFileType = folder.assetcatalog; path = Assets.xcassets; sourceTree = "<group>"; };
		C44891482927171A00485FCB /* Base */ = {isa = PBXFileReference; lastKnownFileType = file.storyboard; name = Base; path = Base.lproj/LaunchScreen.storyboard; sourceTree = "<group>"; };
		C448914A2927171A00485FCB /* Info.plist */ = {isa = PBXFileReference; lastKnownFileType = text.plist.xml; path = Info.plist; sourceTree = "<group>"; };
		C448915129271FB800485FCB /* ProfileController.swift */ = {isa = PBXFileReference; lastKnownFileType = sourcecode.swift; path = ProfileController.swift; sourceTree = "<group>"; };
		C4489153292726AF00485FCB /* LiveBetsController.swift */ = {isa = PBXFileReference; lastKnownFileType = sourcecode.swift; path = LiveBetsController.swift; sourceTree = "<group>"; };
		C44891572927303700485FCB /* BasketballController.swift */ = {isa = PBXFileReference; lastKnownFileType = sourcecode.swift; path = BasketballController.swift; sourceTree = "<group>"; };
		C448915B292735F200485FCB /* BasketballTableViewCell.swift */ = {isa = PBXFileReference; lastKnownFileType = sourcecode.swift; path = BasketballTableViewCell.swift; sourceTree = "<group>"; };
		C4660F8B2928172C00CBF209 /* Game.swift */ = {isa = PBXFileReference; lastKnownFileType = sourcecode.swift; path = Game.swift; sourceTree = "<group>"; };
		C4660F8D29281A6C00CBF209 /* FootballController.swift */ = {isa = PBXFileReference; lastKnownFileType = sourcecode.swift; path = FootballController.swift; sourceTree = "<group>"; };
		C4660F8F29281A8500CBF209 /* FootballTableViewCell.swift */ = {isa = PBXFileReference; lastKnownFileType = sourcecode.swift; path = FootballTableViewCell.swift; sourceTree = "<group>"; };
		C4660F9129281ECC00CBF209 /* Bet.swift */ = {isa = PBXFileReference; lastKnownFileType = sourcecode.swift; path = Bet.swift; sourceTree = "<group>"; };
		C4660F93292821E900CBF209 /* LiveBetsTableViewCell.swift */ = {isa = PBXFileReference; lastKnownFileType = sourcecode.swift; path = LiveBetsTableViewCell.swift; sourceTree = "<group>"; };
/* End PBXFileReference section */

/* Begin PBXFrameworksBuildPhase section */
		C44891332927171800485FCB /* Frameworks */ = {
			isa = PBXFrameworksBuildPhase;
			buildActionMask = 2147483647;
			files = (
			);
			runOnlyForDeploymentPostprocessing = 0;
		};
/* End PBXFrameworksBuildPhase section */

/* Begin PBXGroup section */
		C448912D2927171800485FCB = {
			isa = PBXGroup;
			children = (
				C44891382927171800485FCB /* CSE335StoolBar */,
				C44891372927171800485FCB /* Products */,
			);
			sourceTree = "<group>";
		};
		C44891372927171800485FCB /* Products */ = {
			isa = PBXGroup;
			children = (
				C44891362927171800485FCB /* CSE335StoolBar.app */,
			);
			name = Products;
			sourceTree = "<group>";
		};
		C44891382927171800485FCB /* CSE335StoolBar */ = {
			isa = PBXGroup;
			children = (
				C4660F8A2928171A00CBF209 /* GamesAndBets */,
				C448915629272FAF00485FCB /* Football */,
				C448915529272FA200485FCB /* Basketball */,
				C448915029271FA700485FCB /* Profile */,
				C44891392927171800485FCB /* AppDelegate.swift */,
				C448913B2927171800485FCB /* SceneDelegate.swift */,
				C448913D2927171800485FCB /* ViewController.swift */,
				C448913F2927171800485FCB /* Main.storyboard */,
				C44891452927171A00485FCB /* Assets.xcassets */,
				C44891472927171A00485FCB /* LaunchScreen.storyboard */,
				C448914A2927171A00485FCB /* Info.plist */,
				C44891422927171800485FCB /* CSE335StoolBar.xcdatamodeld */,
			);
			path = CSE335StoolBar;
			sourceTree = "<group>";
		};
		C448915029271FA700485FCB /* Profile */ = {
			isa = PBXGroup;
			children = (
				C448915129271FB800485FCB /* ProfileController.swift */,
				C4489153292726AF00485FCB /* LiveBetsController.swift */,
				C4660F93292821E900CBF209 /* LiveBetsTableViewCell.swift */,
			);
			path = Profile;
			sourceTree = "<group>";
		};
		C448915529272FA200485FCB /* Basketball */ = {
			isa = PBXGroup;
			children = (
				C44891572927303700485FCB /* BasketballController.swift */,
				C448915B292735F200485FCB /* BasketballTableViewCell.swift */,
			);
			path = Basketball;
			sourceTree = "<group>";
		};
		C448915629272FAF00485FCB /* Football */ = {
			isa = PBXGroup;
			children = (
				C4660F8D29281A6C00CBF209 /* FootballController.swift */,
				C4660F8F29281A8500CBF209 /* FootballTableViewCell.swift */,
			);
			path = Football;
			sourceTree = "<group>";
		};
		C4660F8A2928171A00CBF209 /* GamesAndBets */ = {
			isa = PBXGroup;
			children = (
				C4660F8B2928172C00CBF209 /* Game.swift */,
				C4660F9129281ECC00CBF209 /* Bet.swift */,
			);
			path = GamesAndBets;
			sourceTree = "<group>";
		};
/* End PBXGroup section */

/* Begin PBXNativeTarget section */
		C44891352927171800485FCB /* CSE335StoolBar */ = {
			isa = PBXNativeTarget;
			buildConfigurationList = C448914D2927171A00485FCB /* Build configuration list for PBXNativeTarget "CSE335StoolBar" */;
			buildPhases = (
				C44891322927171800485FCB /* Sources */,
				C44891332927171800485FCB /* Frameworks */,
				C44891342927171800485FCB /* Resources */,
			);
			buildRules = (
			);
			dependencies = (
			);
			name = CSE335StoolBar;
			productName = CSE335StoolBar;
			productReference = C44891362927171800485FCB /* CSE335StoolBar.app */;
			productType = "com.apple.product-type.application";
		};
/* End PBXNativeTarget section */

/* Begin PBXProject section */
		C448912E2927171800485FCB /* Project object */ = {
			isa = PBXProject;
			attributes = {
				BuildIndependentTargetsInParallel = 1;
				LastSwiftUpdateCheck = 1340;
				LastUpgradeCheck = 1340;
				TargetAttributes = {
					C44891352927171800485FCB = {
						CreatedOnToolsVersion = 13.4.1;
					};
				};
			};
			buildConfigurationList = C44891312927171800485FCB /* Build configuration list for PBXProject "CSE335StoolBar" */;
			compatibilityVersion = "Xcode 13.0";
			developmentRegion = en;
			hasScannedForEncodings = 0;
			knownRegions = (
				en,
				Base,
			);
			mainGroup = C448912D2927171800485FCB;
			productRefGroup = C44891372927171800485FCB /* Products */;
			projectDirPath = "";
			projectRoot = "";
			targets = (
				C44891352927171800485FCB /* CSE335StoolBar */,
			);
		};
/* End PBXProject section */

/* Begin PBXResourcesBuildPhase section */
		C44891342927171800485FCB /* Resources */ = {
			isa = PBXResourcesBuildPhase;
			buildActionMask = 2147483647;
			files = (
				C44891492927171A00485FCB /* LaunchScreen.storyboard in Resources */,
				C44891462927171A00485FCB /* Assets.xcassets in Resources */,
				C44891412927171800485FCB /* Main.storyboard in Resources */,
			);
			runOnlyForDeploymentPostprocessing = 0;
		};
/* End PBXResourcesBuildPhase section */

/* Begin PBXSourcesBuildPhase section */
		C44891322927171800485FCB /* Sources */ = {
			isa = PBXSourcesBuildPhase;
			buildActionMask = 2147483647;
			files = (
				C448915C292735F200485FCB /* BasketballTableViewCell.swift in Sources */,
				C4660F8C2928172C00CBF209 /* Game.swift in Sources */,
				C448915229271FB800485FCB /* ProfileController.swift in Sources */,
				C448913E2927171800485FCB /* ViewController.swift in Sources */,
				C4660F9029281A8500CBF209 /* FootballTableViewCell.swift in Sources */,
				C448913A2927171800485FCB /* AppDelegate.swift in Sources */,
				C4660F8E29281A6C00CBF209 /* FootballController.swift in Sources */,
				C4660F9229281ECC00CBF209 /* Bet.swift in Sources */,
				C448913C2927171800485FCB /* SceneDelegate.swift in Sources */,
				C44891442927171800485FCB /* CSE335StoolBar.xcdatamodeld in Sources */,
				C4660F94292821E900CBF209 /* LiveBetsTableViewCell.swift in Sources */,
				C4489154292726AF00485FCB /* LiveBetsController.swift in Sources */,
				C44891582927303700485FCB /* BasketballController.swift in Sources */,
			);
			runOnlyForDeploymentPostprocessing = 0;
		};
/* End PBXSourcesBuildPhase section */

/* Begin PBXVariantGroup section */
		C448913F2927171800485FCB /* Main.storyboard */ = {
			isa = PBXVariantGroup;
			children = (
				C44891402927171800485FCB /* Base */,
			);
			name = Main.storyboard;
			sourceTree = "<group>";
		};
		C44891472927171A00485FCB /* LaunchScreen.storyboard */ = {
			isa = PBXVariantGroup;
			children = (
				C44891482927171A00485FCB /* Base */,
			);
			name = LaunchScreen.storyboard;
			sourceTree = "<group>";
		};
/* End PBXVariantGroup section */

/* Begin XCBuildConfiguration section */
		C448914B2927171A00485FCB /* Debug */ = {
			isa = XCBuildConfiguration;
			buildSettings = {
				ALWAYS_SEARCH_USER_PATHS = NO;
				CLANG_ANALYZER_NONNULL = YES;
				CLANG_ANALYZER_NUMBER_OBJECT_CONVERSION = YES_AGGRESSIVE;
				CLANG_CXX_LANGUAGE_STANDARD = "gnu++17";
				CLANG_ENABLE_MODULES = YES;
				CLANG_ENABLE_OBJC_ARC = YES;
				CLANG_ENABLE_OBJC_WEAK = YES;
				CLANG_WARN_BLOCK_CAPTURE_AUTORELEASING = YES;
				CLANG_WARN_BOOL_CONVERSION = YES;
				CLANG_WARN_COMMA = YES;
				CLANG_WARN_CONSTANT_CONVERSION = YES;
				CLANG_WARN_DEPRECATED_OBJC_IMPLEMENTATIONS = YES;
				CLANG_WARN_DIRECT_OBJC_ISA_USAGE = YES_ERROR;
				CLANG_WARN_DOCUMENTATION_COMMENTS = YES;
				CLANG_WARN_EMPTY_BODY = YES;
				CLANG_WARN_ENUM_CONVERSION = YES;
				CLANG_WARN_INFINITE_RECURSION = YES;
				CLANG_WARN_INT_CONVERSION = YES;
				CLANG_WARN_NON_LITERAL_NULL_CONVERSION = YES;
				CLANG_WARN_OBJC_IMPLICIT_RETAIN_SELF = YES;
				CLANG_WARN_OBJC_LITERAL_CONVERSION = YES;
				CLANG_WARN_OBJC_ROOT_CLASS = YES_ERROR;
				CLANG_WARN_QUOTED_INCLUDE_IN_FRAMEWORK_HEADER = YES;
				CLANG_WARN_RANGE_LOOP_ANALYSIS = YES;
				CLANG_WARN_STRICT_PROTOTYPES = YES;
				CLANG_WARN_SUSPICIOUS_MOVE = YES;
				CLANG_WARN_UNGUARDED_AVAILABILITY = YES_AGGRESSIVE;
				CLANG_WARN_UNREACHABLE_CODE = YES;
				CLANG_WARN__DUPLICATE_METHOD_MATCH = YES;
				COPY_PHASE_STRIP = NO;
				DEBUG_INFORMATION_FORMAT = dwarf;
				ENABLE_STRICT_OBJC_MSGSEND = YES;
				ENABLE_TESTABILITY = YES;
				GCC_C_LANGUAGE_STANDARD = gnu11;
				GCC_DYNAMIC_NO_PIC = NO;
				GCC_NO_COMMON_BLOCKS = YES;
				GCC_OPTIMIZATION_LEVEL = 0;
				GCC_PREPROCESSOR_DEFINITIONS = (
					"DEBUG=1",
					"$(inherited)",
				);
				GCC_WARN_64_TO_32_BIT_CONVERSION = YES;
				GCC_WARN_ABOUT_RETURN_TYPE = YES_ERROR;
				GCC_WARN_UNDECLARED_SELECTOR = YES;
				GCC_WARN_UNINITIALIZED_AUTOS = YES_AGGRESSIVE;
				GCC_WARN_UNUSED_FUNCTION = YES;
				GCC_WARN_UNUSED_VARIABLE = YES;
				IPHONEOS_DEPLOYMENT_TARGET = 15.5;
				MTL_ENABLE_DEBUG_INFO = INCLUDE_SOURCE;
				MTL_FAST_MATH = YES;
				ONLY_ACTIVE_ARCH = YES;
				SDKROOT = iphoneos;
				SWIFT_ACTIVE_COMPILATION_CONDITIONS = DEBUG;
				SWIFT_OPTIMIZATION_LEVEL = "-Onone";
			};
			name = Debug;
		};
		C448914C2927171A00485FCB /* Release */ = {
			isa = XCBuildConfiguration;
			buildSettings = {
				ALWAYS_SEARCH_USER_PATHS = NO;
				CLANG_ANALYZER_NONNULL = YES;
				CLANG_ANALYZER_NUMBER_OBJECT_CONVERSION = YES_AGGRESSIVE;
				CLANG_CXX_LANGUAGE_STANDARD = "gnu++17";
				CLANG_ENABLE_MODULES = YES;
				CLANG_ENABLE_OBJC_ARC = YES;
				CLANG_ENABLE_OBJC_WEAK = YES;
				CLANG_WARN_BLOCK_CAPTURE_AUTORELEASING = YES;
				CLANG_WARN_BOOL_CONVERSION = YES;
				CLANG_WARN_COMMA = YES;
				CLANG_WARN_CONSTANT_CONVERSION = YES;
				CLANG_WARN_DEPRECATED_OBJC_IMPLEMENTATIONS = YES;
				CLANG_WARN_DIRECT_OBJC_ISA_USAGE = YES_ERROR;
				CLANG_WARN_DOCUMENTATION_COMMENTS = YES;
				CLANG_WARN_EMPTY_BODY = YES;
				CLANG_WARN_ENUM_CONVERSION = YES;
				CLANG_WARN_INFINITE_RECURSION = YES;
				CLANG_WARN_INT_CONVERSION = YES;
				CLANG_WARN_NON_LITERAL_NULL_CONVERSION = YES;
				CLANG_WARN_OBJC_IMPLICIT_RETAIN_SELF = YES;
				CLANG_WARN_OBJC_LITERAL_CONVERSION = YES;
				CLANG_WARN_OBJC_ROOT_CLASS = YES_ERROR;
				CLANG_WARN_QUOTED_INCLUDE_IN_FRAMEWORK_HEADER = YES;
				CLANG_WARN_RANGE_LOOP_ANALYSIS = YES;
				CLANG_WARN_STRICT_PROTOTYPES = YES;
				CLANG_WARN_SUSPICIOUS_MOVE = YES;
				CLANG_WARN_UNGUARDED_AVAILABILITY = YES_AGGRESSIVE;
				CLANG_WARN_UNREACHABLE_CODE = YES;
				CLANG_WARN__DUPLICATE_METHOD_MATCH = YES;
				COPY_PHASE_STRIP = NO;
				DEBUG_INFORMATION_FORMAT = "dwarf-with-dsym";
				ENABLE_NS_ASSERTIONS = NO;
				ENABLE_STRICT_OBJC_MSGSEND = YES;
				GCC_C_LANGUAGE_STANDARD = gnu11;
				GCC_NO_COMMON_BLOCKS = YES;
				GCC_WARN_64_TO_32_BIT_CONVERSION = YES;
				GCC_WARN_ABOUT_RETURN_TYPE = YES_ERROR;
				GCC_WARN_UNDECLARED_SELECTOR = YES;
				GCC_WARN_UNINITIALIZED_AUTOS = YES_AGGRESSIVE;
				GCC_WARN_UNUSED_FUNCTION = YES;
				GCC_WARN_UNUSED_VARIABLE = YES;
				IPHONEOS_DEPLOYMENT_TARGET = 15.5;
				MTL_ENABLE_DEBUG_INFO = NO;
				MTL_FAST_MATH = YES;
				SDKROOT = iphoneos;
				SWIFT_COMPILATION_MODE = wholemodule;
				SWIFT_OPTIMIZATION_LEVEL = "-O";
				VALIDATE_PRODUCT = YES;
			};
			name = Release;
		};
		C448914E2927171A00485FCB /* Debug */ = {
			isa = XCBuildConfiguration;
			buildSettings = {
				ASSETCATALOG_COMPILER_APPICON_NAME = AppIcon;
				ASSETCATALOG_COMPILER_GLOBAL_ACCENT_COLOR_NAME = AccentColor;
				CODE_SIGN_STYLE = Automatic;
				CURRENT_PROJECT_VERSION = 1;
				DEVELOPMENT_TEAM = MQJ4QLVN48;
				GENERATE_INFOPLIST_FILE = YES;
				INFOPLIST_FILE = CSE335StoolBar/Info.plist;
				INFOPLIST_KEY_UIApplicationSupportsIndirectInputEvents = YES;
				INFOPLIST_KEY_UILaunchStoryboardName = LaunchScreen;
				INFOPLIST_KEY_UIMainStoryboardFile = Main;
				INFOPLIST_KEY_UISupportedInterfaceOrientations_iPad = "UIInterfaceOrientationPortrait UIInterfaceOrientationPortraitUpsideDown UIInterfaceOrientationLandscapeLeft UIInterfaceOrientationLandscapeRight";
				INFOPLIST_KEY_UISupportedInterfaceOrientations_iPhone = "UIInterfaceOrientationPortrait UIInterfaceOrientationLandscapeLeft UIInterfaceOrientationLandscapeRight";
				LD_RUNPATH_SEARCH_PATHS = (
					"$(inherited)",
					"@executable_path/Frameworks",
				);
				MARKETING_VERSION = 1.0;
				PRODUCT_BUNDLE_IDENTIFIER = AlexWong.CSE335StoolBar;
				PRODUCT_NAME = "$(TARGET_NAME)";
				SWIFT_EMIT_LOC_STRINGS = YES;
				SWIFT_VERSION = 5.0;
				TARGETED_DEVICE_FAMILY = "1,2";
			};
			name = Debug;
		};
		C448914F2927171A00485FCB /* Release */ = {
			isa = XCBuildConfiguration;
			buildSettings = {
				ASSETCATALOG_COMPILER_APPICON_NAME = AppIcon;
				ASSETCATALOG_COMPILER_GLOBAL_ACCENT_COLOR_NAME = AccentColor;
				CODE_SIGN_STYLE = Automatic;
				CURRENT_PROJECT_VERSION = 1;
				DEVELOPMENT_TEAM = MQJ4QLVN48;
				GENERATE_INFOPLIST_FILE = YES;
				INFOPLIST_FILE = CSE335StoolBar/Info.plist;
				INFOPLIST_KEY_UIApplicationSupportsIndirectInputEvents = YES;
				INFOPLIST_KEY_UILaunchStoryboardName = LaunchScreen;
				INFOPLIST_KEY_UIMainStoryboardFile = Main;
				INFOPLIST_KEY_UISupportedInterfaceOrientations_iPad = "UIInterfaceOrientationPortrait UIInterfaceOrientationPortraitUpsideDown UIInterfaceOrientationLandscapeLeft UIInterfaceOrientationLandscapeRight";
				INFOPLIST_KEY_UISupportedInterfaceOrientations_iPhone = "UIInterfaceOrientationPortrait UIInterfaceOrientationLandscapeLeft UIInterfaceOrientationLandscapeRight";
				LD_RUNPATH_SEARCH_PATHS = (
					"$(inherited)",
					"@executable_path/Frameworks",
				);
				MARKETING_VERSION = 1.0;
				PRODUCT_BUNDLE_IDENTIFIER = AlexWong.CSE335StoolBar;
				PRODUCT_NAME = "$(TARGET_NAME)";
				SWIFT_EMIT_LOC_STRINGS = YES;
				SWIFT_VERSION = 5.0;
				TARGETED_DEVICE_FAMILY = "1,2";
			};
			name = Release;
		};
/* End XCBuildConfiguration section */

/* Begin XCConfigurationList section */
		C44891312927171800485FCB /* Build configuration list for PBXProject "CSE335StoolBar" */ = {
			isa = XCConfigurationList;
			buildConfigurations = (
				C448914B2927171A00485FCB /* Debug */,
				C448914C2927171A00485FCB /* Release */,
			);
			defaultConfigurationIsVisible = 0;
			defaultConfigurationName = Release;
		};
		C448914D2927171A00485FCB /* Build configuration list for PBXNativeTarget "CSE335StoolBar" */ = {
			isa = XCConfigurationList;
			buildConfigurations = (
				C448914E2927171A00485FCB /* Debug */,
				C448914F2927171A00485FCB /* Release */,
			);
			defaultConfigurationIsVisible = 0;
			defaultConfigurationName = Release;
		};
/* End XCConfigurationList section */

/* Begin XCVersionGroup section */
		C44891422927171800485FCB /* CSE335StoolBar.xcdatamodeld */ = {
			isa = XCVersionGroup;
			children = (
				C44891432927171800485FCB /* CSE335StoolBar.xcdatamodel */,
			);
			currentVersion = C44891432927171800485FCB /* CSE335StoolBar.xcdatamodel */;
			path = CSE335StoolBar.xcdatamodeld;
			sourceTree = "<group>";
			versionGroupType = wrapper.xcdatamodel;
		};
/* End XCVersionGroup section */
	};
	rootObject = C448912E2927171800485FCB /* Project object */;
}
